
Microsoft Visual Studio Solution File, Format Version 12.00
# Visual Studio Version 16
VisualStudioVersion = 16.0.30717.126
MinimumVisualStudioVersion = 10.0.40219.1
Project("{9A19103F-16F7-4668-BE54-9A1E7A4F7556}") = "FieldLevel", "FieldLevel\FieldLevel.csproj", "{A480EBE7-34FE-461A-813C-8F56CBB458E5}"
EndProject
Project("{9A19103F-16F7-4668-BE54-9A1E7A4F7556}") = "FieldLevel.Tests", "FieldLevel.Tests\FieldLevel.Tests.csproj", "{66D86551-7C43-498A-BA36-B5E6259609EA}"
EndProject
Project("{2150E333-8FDC-42A3-9474-1A3956D46DE8}") = "Solution Items", "Solution Items", "{486929D1-0FF7-4A8A-9416-591827AF89EF}"
	ProjectSection(SolutionItems) = preProject
		.gitignore = .gitignore
		README.md = README.md
	EndProjectSection
EndProject
Global
	GlobalSection(SolutionConfigurationPlatforms) = preSolution
		Debug|Any CPU = Debug|Any CPU
		Release|Any CPU = Release|Any CPU
	EndGlobalSection
	GlobalSection(ProjectConfigurationPlatforms) = postSolution
		{A480EBE7-34FE-461A-813C-8F56CBB458E5}.Debug|Any CPU.ActiveCfg = Debug|Any CPU
		{A480EBE7-34FE-461A-813C-8F56CBB458E5}.Debug|Any CPU.Build.0 = Debug|Any CPU
		{A480EBE7-34FE-461A-813C-8F56CBB458E5}.Release|Any CPU.ActiveCfg = Release|Any CPU
		{A480EBE7-34FE-461A-813C-8F56CBB458E5}.Release|Any CPU.Build.0 = Release|Any CPU
		{66D86551-7C43-498A-BA36-B5E6259609EA}.Debug|Any CPU.ActiveCfg = Debug|Any CPU
		{66D86551-7C43-498A-BA36-B5E6259609EA}.Debug|Any CPU.Build.0 = Debug|Any CPU
		{66D86551-7C43-498A-BA36-B5E6259609EA}.Release|Any CPU.ActiveCfg = Release|Any CPU
		{66D86551-7C43-498A-BA36-B5E6259609EA}.Release|Any CPU.Build.0 = Release|Any CPU
	EndGlobalSection
	GlobalSection(SolutionProperties) = preSolution
		HideSolutionNode = FALSE
	EndGlobalSection
	GlobalSection(ExtensibilityGlobals) = postSolution
		SolutionGuid = {71F5C6C2-2B3D-436E-9E12-A7990E6206EB}
	EndGlobalSection
EndGlobal
